
Microsoft Visual Studio Solution File, Format Version 12.00
# Visual Studio Version 17
VisualStudioVersion = 17.2.32630.192
MinimumVisualStudioVersion = 10.0.40219.1
Project("{FAE04EC0-301F-11D3-BF4B-00C04F79EFBC}") = "winFood", "winFood.csproj", "{A35FBD34-8771-47C4-9783-AA7449F5EFCB}"
EndProject
Global
	GlobalSection(SolutionConfigurationPlatforms) = preSolution
		Debug|Any CPU = Debug|Any CPU
		Release|Any CPU = Release|Any CPU
	EndGlobalSection
	GlobalSection(ProjectConfigurationPlatforms) = postSolution
		{A35FBD34-8771-47C4-9783-AA7449F5EFCB}.Debug|Any CPU.ActiveCfg = Debug|Any CPU
		{A35FBD34-8771-47C4-9783-AA7449F5EFCB}.Debug|Any CPU.Build.0 = Debug|Any CPU
		{A35FBD34-8771-47C4-9783-AA7449F5EFCB}.Release|Any CPU.ActiveCfg = Release|Any CPU
		{A35FBD34-8771-47C4-9783-AA7449F5EFCB}.Release|Any CPU.Build.0 = Release|Any CPU
	EndGlobalSection
	GlobalSection(SolutionProperties) = preSolution
		HideSolutionNode = FALSE
	EndGlobalSection
	GlobalSection(ExtensibilityGlobals) = postSolution
		SolutionGuid = {E9BA3610-670D-4992-911B-D6C925F818E0}
	EndGlobalSection
EndGlobal
